
Microsoft Visual Studio Solution File, Format Version 12.00
# Visual Studio Version 17
VisualStudioVersion = 17.6.33513.286
MinimumVisualStudioVersion = 10.0.40219.1
Project("{9A19103F-16F7-4668-BE54-9A1E7A4F7556}") = "ZipSharp.Benchmark", "Benchs\ZipSharp.Benchmark.csproj", "{AFE1C36A-B232-45D3-83E4-6FF4B5DF3EF9}"
EndProject
Project("{FAE04EC0-301F-11D3-BF4B-00C04F79EFBC}") = "ZipSharp", "ZipSharp\ZipSharp.csproj", "{395E3486-256C-4553-88D0-382783A3412B}"
EndProject
Global
	GlobalSection(SolutionConfigurationPlatforms) = preSolution
		Debug|Any CPU = Debug|Any CPU
		Release|Any CPU = Release|Any CPU
	EndGlobalSection
	GlobalSection(ProjectConfigurationPlatforms) = postSolution
		{AFE1C36A-B232-45D3-83E4-6FF4B5DF3EF9}.Debug|Any CPU.ActiveCfg = Debug|Any CPU
		{AFE1C36A-B232-45D3-83E4-6FF4B5DF3EF9}.Debug|Any CPU.Build.0 = Debug|Any CPU
		{AFE1C36A-B232-45D3-83E4-6FF4B5DF3EF9}.Release|Any CPU.ActiveCfg = Release|Any CPU
		{AFE1C36A-B232-45D3-83E4-6FF4B5DF3EF9}.Release|Any CPU.Build.0 = Release|Any CPU
		{395E3486-256C-4553-88D0-382783A3412B}.Debug|Any CPU.ActiveCfg = Debug|Any CPU
		{395E3486-256C-4553-88D0-382783A3412B}.Debug|Any CPU.Build.0 = Debug|Any CPU
		{395E3486-256C-4553-88D0-382783A3412B}.Release|Any CPU.ActiveCfg = Release|Any CPU
		{395E3486-256C-4553-88D0-382783A3412B}.Release|Any CPU.Build.0 = Release|Any CPU
	EndGlobalSection
	GlobalSection(SolutionProperties) = preSolution
		HideSolutionNode = FALSE
	EndGlobalSection
	GlobalSection(ExtensibilityGlobals) = postSolution
		SolutionGuid = {6DEC024C-37A9-4BD9-BC31-079EF9369A7D}
	EndGlobalSection
EndGlobal
